# This file is automatically @generated by Cargo.
# It is not intended for manual editing.
[[package]]
name = "visper"
version = "0.1.0"
dependencies = [
 "visper-graphics 0.1.0",
 "visper-gui 0.1.0",
]

[[package]]
name = "visper-graphics"
version = "0.1.0"

[[package]]
name = "visper-gui"
version = "0.1.0"

